# This file is automatically @generated by Poetry 1.6.1 and should not be changed by hand.

[[package]]
name = "aspose-words"
version = "24.3.0"
description = "Aspose.Words for Python is a Document Processing library that allows developers to work with documents in many popular formats without needing Office Automation."
optional = false
python-versions = ">=3.6,<3.12"
files = [
    {file = "aspose_words-24.3.0-py3-none-macosx_10_14_x86_64.whl", hash = "sha256:530906a489ad86d7f88628f589e8068baa7e3804244e9f3300a786e06ab4551e"},
    {file = "aspose_words-24.3.0-py3-none-macosx_11_0_arm64.whl", hash = "sha256:802f2b238f1ba5a7ad7833c10345d160bee1aa6b505eeb1f9f2a781d4c4b3501"},
    {file = "aspose_words-24.3.0-py3-none-manylinux1_x86_64.whl", hash = "sha256:c31be5e80b72e9b18917d5e12379e760a6217e52adfa661f0edb760bdde2bc9e"},
    {file = "aspose_words-24.3.0-py3-none-win32.whl", hash = "sha256:c64475cdeecdf3b3a72d7e76027656c6f926d7cdf8b07ffea8a4b1ad2548af44"},
    {file = "aspose_words-24.3.0-py3-none-win_amd64.whl", hash = "sha256:d6c7c7d8ef7813e4fae9f1b33b9e5ba9ea92f857eb3308760239c252cff798c4"},
]

[metadata]
lock-version = "2.0"
python-versions = ">=3.6,<3.12"
content-hash = "4021cb03f40cb15796580e782183b79a4da1ff92a3e80284529057960f5695c4"
